
Microsoft Visual Studio Solution File, Format Version 12.00
# Visual Studio Version 17
VisualStudioVersion = 17.14.36301.6
MinimumVisualStudioVersion = 10.0.40219.1
Project("{FAE04EC0-301F-11D3-BF4B-00C04F79EFBC}") = "AppInstallerUI", "AppInstallerUI.csproj", "{1E94C685-692F-4C23-8FE3-0A4107FBE9AB}"
EndProject
Project("{FAE04EC0-301F-11D3-BF4B-00C04F79EFBC}") = "AppInstaller", "..\AppInstallerCLI\AppInstaller.csproj", "{C33DA89D-EC99-45A1-8786-C6067020E108}"
EndProject
Project("{FAE04EC0-301F-11D3-BF4B-00C04F79EFBC}") = "BusinessLogic", "..\BusinessLogic\BusinessLogic.csproj", "{5C21343E-6C7B-4E97-A35A-41F9F82FAB5C}"
EndProject
Global
	GlobalSection(SolutionConfigurationPlatforms) = preSolution
		Debug|ARM64 = Debug|ARM64
		Debug|x64 = Debug|x64
		Debug|x86 = Debug|x86
		Release|ARM64 = Release|ARM64
		Release|x64 = Release|x64
		Release|x86 = Release|x86
	EndGlobalSection
	GlobalSection(ProjectConfigurationPlatforms) = postSolution
		{1E94C685-692F-4C23-8FE3-0A4107FBE9AB}.Debug|ARM64.ActiveCfg = Debug|ARM64
		{1E94C685-692F-4C23-8FE3-0A4107FBE9AB}.Debug|ARM64.Build.0 = Debug|ARM64
		{1E94C685-692F-4C23-8FE3-0A4107FBE9AB}.Debug|ARM64.Deploy.0 = Debug|ARM64
		{1E94C685-692F-4C23-8FE3-0A4107FBE9AB}.Debug|x64.ActiveCfg = Debug|x64
		{1E94C685-692F-4C23-8FE3-0A4107FBE9AB}.Debug|x64.Build.0 = Debug|x64
		{1E94C685-692F-4C23-8FE3-0A4107FBE9AB}.Debug|x64.Deploy.0 = Debug|x64
		{1E94C685-692F-4C23-8FE3-0A4107FBE9AB}.Debug|x86.ActiveCfg = Debug|x86
		{1E94C685-692F-4C23-8FE3-0A4107FBE9AB}.Debug|x86.Build.0 = Debug|x86
		{1E94C685-692F-4C23-8FE3-0A4107FBE9AB}.Debug|x86.Deploy.0 = Debug|x86
		{1E94C685-692F-4C23-8FE3-0A4107FBE9AB}.Release|ARM64.ActiveCfg = Release|ARM64
		{1E94C685-692F-4C23-8FE3-0A4107FBE9AB}.Release|ARM64.Build.0 = Release|ARM64
		{1E94C685-692F-4C23-8FE3-0A4107FBE9AB}.Release|ARM64.Deploy.0 = Release|ARM64
		{1E94C685-692F-4C23-8FE3-0A4107FBE9AB}.Release|x64.ActiveCfg = Release|x64
		{1E94C685-692F-4C23-8FE3-0A4107FBE9AB}.Release|x64.Build.0 = Release|x64
		{1E94C685-692F-4C23-8FE3-0A4107FBE9AB}.Release|x64.Deploy.0 = Release|x64
		{1E94C685-692F-4C23-8FE3-0A4107FBE9AB}.Release|x86.ActiveCfg = Release|x86
		{1E94C685-692F-4C23-8FE3-0A4107FBE9AB}.Release|x86.Build.0 = Release|x86
		{1E94C685-692F-4C23-8FE3-0A4107FBE9AB}.Release|x86.Deploy.0 = Release|x86
		{C33DA89D-EC99-45A1-8786-C6067020E108}.Debug|ARM64.ActiveCfg = Debug|Any CPU
		{C33DA89D-EC99-45A1-8786-C6067020E108}.Debug|ARM64.Build.0 = Debug|Any CPU
		{C33DA89D-EC99-45A1-8786-C6067020E108}.Debug|x64.ActiveCfg = Debug|Any CPU
		{C33DA89D-EC99-45A1-8786-C6067020E108}.Debug|x64.Build.0 = Debug|Any CPU
		{C33DA89D-EC99-45A1-8786-C6067020E108}.Debug|x86.ActiveCfg = Debug|Any CPU
		{C33DA89D-EC99-45A1-8786-C6067020E108}.Debug|x86.Build.0 = Debug|Any CPU
		{C33DA89D-EC99-45A1-8786-C6067020E108}.Release|ARM64.ActiveCfg = Release|Any CPU
		{C33DA89D-EC99-45A1-8786-C6067020E108}.Release|ARM64.Build.0 = Release|Any CPU
		{C33DA89D-EC99-45A1-8786-C6067020E108}.Release|x64.ActiveCfg = Release|Any CPU
		{C33DA89D-EC99-45A1-8786-C6067020E108}.Release|x64.Build.0 = Release|Any CPU
		{C33DA89D-EC99-45A1-8786-C6067020E108}.Release|x86.ActiveCfg = Release|Any CPU
		{C33DA89D-EC99-45A1-8786-C6067020E108}.Release|x86.Build.0 = Release|Any CPU
		{5C21343E-6C7B-4E97-A35A-41F9F82FAB5C}.Debug|ARM64.ActiveCfg = Debug|Any CPU
		{5C21343E-6C7B-4E97-A35A-41F9F82FAB5C}.Debug|ARM64.Build.0 = Debug|Any CPU
		{5C21343E-6C7B-4E97-A35A-41F9F82FAB5C}.Debug|x64.ActiveCfg = Debug|Any CPU
		{5C21343E-6C7B-4E97-A35A-41F9F82FAB5C}.Debug|x64.Build.0 = Debug|Any CPU
		{5C21343E-6C7B-4E97-A35A-41F9F82FAB5C}.Debug|x86.ActiveCfg = Debug|Any CPU
		{5C21343E-6C7B-4E97-A35A-41F9F82FAB5C}.Debug|x86.Build.0 = Debug|Any CPU
		{5C21343E-6C7B-4E97-A35A-41F9F82FAB5C}.Release|ARM64.ActiveCfg = Release|Any CPU
		{5C21343E-6C7B-4E97-A35A-41F9F82FAB5C}.Release|ARM64.Build.0 = Release|Any CPU
		{5C21343E-6C7B-4E97-A35A-41F9F82FAB5C}.Release|x64.ActiveCfg = Release|Any CPU
		{5C21343E-6C7B-4E97-A35A-41F9F82FAB5C}.Release|x64.Build.0 = Release|Any CPU
		{5C21343E-6C7B-4E97-A35A-41F9F82FAB5C}.Release|x86.ActiveCfg = Release|Any CPU
		{5C21343E-6C7B-4E97-A35A-41F9F82FAB5C}.Release|x86.Build.0 = Release|Any CPU
	EndGlobalSection
	GlobalSection(SolutionProperties) = preSolution
		HideSolutionNode = FALSE
	EndGlobalSection
	GlobalSection(ExtensibilityGlobals) = postSolution
		SolutionGuid = {7C274738-0C1E-4DC3-A4FA-219D782A9631}
	EndGlobalSection
EndGlobal
